
Microsoft Visual Studio Solution File, Format Version 12.00
# Visual Studio Version 17
VisualStudioVersion = 17.0.31903.59
MinimumVisualStudioVersion = 10.0.40219.1
Project("{FAE04EC0-301F-11D3-BF4B-00C04F79EFBC}") = "FlixOne.InventoryManagement", "FlixOne.InventoryManagement\FlixOne.InventoryManagement.csproj", "{FCBBCDA3-B9BE-4660-AADB-70CD74766E89}"
EndProject
Project("{FAE04EC0-301F-11D3-BF4B-00C04F79EFBC}") = "FlixOne.InventoryManagementClient", "FlixOne.InventoryManagementClient\FlixOne.InventoryManagementClient.csproj", "{089B1EBB-61B4-4875-AD8C-BC9490850A12}"
EndProject
Project("{FAE04EC0-301F-11D3-BF4B-00C04F79EFBC}") = "FlixOne.InventoryManagementTests", "FlixOne.InventoryManagementTests\FlixOne.InventoryManagementTests.csproj", "{D2645DE2-A67A-4BA1-8D87-C297D2BC740C}"
EndProject
Global
	GlobalSection(SolutionConfigurationPlatforms) = preSolution
		Debug|Any CPU = Debug|Any CPU
		Release|Any CPU = Release|Any CPU
	EndGlobalSection
	GlobalSection(SolutionProperties) = preSolution
		HideSolutionNode = FALSE
	EndGlobalSection
	GlobalSection(ProjectConfigurationPlatforms) = postSolution
		{FCBBCDA3-B9BE-4660-AADB-70CD74766E89}.Debug|Any CPU.ActiveCfg = Debug|Any CPU
		{FCBBCDA3-B9BE-4660-AADB-70CD74766E89}.Debug|Any CPU.Build.0 = Debug|Any CPU
		{FCBBCDA3-B9BE-4660-AADB-70CD74766E89}.Release|Any CPU.ActiveCfg = Release|Any CPU
		{FCBBCDA3-B9BE-4660-AADB-70CD74766E89}.Release|Any CPU.Build.0 = Release|Any CPU
		{089B1EBB-61B4-4875-AD8C-BC9490850A12}.Debug|Any CPU.ActiveCfg = Debug|Any CPU
		{089B1EBB-61B4-4875-AD8C-BC9490850A12}.Debug|Any CPU.Build.0 = Debug|Any CPU
		{089B1EBB-61B4-4875-AD8C-BC9490850A12}.Release|Any CPU.ActiveCfg = Release|Any CPU
		{089B1EBB-61B4-4875-AD8C-BC9490850A12}.Release|Any CPU.Build.0 = Release|Any CPU
		{D2645DE2-A67A-4BA1-8D87-C297D2BC740C}.Debug|Any CPU.ActiveCfg = Debug|Any CPU
		{D2645DE2-A67A-4BA1-8D87-C297D2BC740C}.Debug|Any CPU.Build.0 = Debug|Any CPU
		{D2645DE2-A67A-4BA1-8D87-C297D2BC740C}.Release|Any CPU.ActiveCfg = Release|Any CPU
		{D2645DE2-A67A-4BA1-8D87-C297D2BC740C}.Release|Any CPU.Build.0 = Release|Any CPU
	EndGlobalSection
EndGlobal
